{
  "name": "api_products",
  "lockfileVersion": 3,
  "requires": true,
  "packages": {
    "": {
      "dependencies": {
        "db-local": "^3.1.0"
      }
    },
    "node_modules/db-local": {
      "version": "3.1.0",
      "resolved": "https://registry.npmjs.org/db-local/-/db-local-3.1.0.tgz",
      "integrity": "sha512-1G5YMKNdtcnIliIkNatL7bCciVvFBywa4KbPDi1Gp+j30i1uL2A5/B02NYoM2wFBvsayQ/Z2qgd+68DmQ853Qg==",
      "license": "MIT",
      "engines": {
        "node": ">=14.0.0"
      }
    }
  }
}
